{
  "version": 1,
  "dependencies": {
    "net8.0-windows7.0": {
      "Bluehill.Forms": {
        "type": "Direct",
        "requested": "[0.3.0, )",
        "resolved": "0.3.0",
        "contentHash": "mi2bVlkDNq5REMlfOtKtXaFfOSDjUBdiw9vbnVE100lo4Uod9BDjG3pLlXdiAhewtIkLns7QkgCBdOe+El32TA==",
        "dependencies": {
          "Bluehill.Features": "0.3.0"
        }
      },
      "JsonSchema.Net": {
        "type": "Direct",
        "requested": "[7.0.0.3, )",
        "resolved": "7.0.0.3",
        "contentHash": "GPx6fLqMUHLocrrM33GfAd3eE1sPqZcnAhr2aJ1zvJ73QUg4ECclCRCg6fAEe88emIBe6aoM6Ng740esx96zrQ==",
        "dependencies": {
          "JsonPointer.Net": "5.0.0"
        }
      },
      "Bluehill.Features": {
        "type": "Transitive",
        "resolved": "0.3.0",
        "contentHash": "ulPLeMZ4khjDyEbcYaeW70Q1GeBn08553oYyDZoz/dDIxK8aeaTKW4BMREPDcqbDagrBSg0t+whrntcbyPkTfg=="
      },
      "Humanizer.Core": {
        "type": "Transitive",
        "resolved": "2.14.1",
        "contentHash": "lQKvtaTDOXnoVJ20ibTuSIOf2i0uO0MPbDhd1jm238I+U/2ZnRENj0cktKZhtchBMtCUSRQ5v4xBCUbKNmyVMw=="
      },
      "Json.More.Net": {
        "type": "Transitive",
        "resolved": "2.0.1.2",
        "contentHash": "uF3QeiaXEfH92emz0/BWUiNtMSfxIIvgynuB0Bf1vF4s8eWTcZitBx9l+g/FDaJk5XxqBv9buQXizXKQcXFG1w=="
      },
      "JsonPointer.Net": {
        "type": "Transitive",
        "resolved": "5.0.0",
        "contentHash": "fm4T5w20AY6C+p5/pJr0vrXRNGgtSfHl34I1LxC9zdPwS9S3j0GiR1Mz/CVPWKDXXGDpCt1APHpCq7kn5adCfA==",
        "dependencies": {
          "Humanizer.Core": "2.14.1",
          "Json.More.Net": "2.0.1.2"
        }
      }
    }
  }
}